{
  "originHash" : "165e88c68c4561ae4b8e4880f45fc72cb413170df9bf4c1fa908280ec7092d0a",
  "pins" : [
    {
      "identity" : "swiftobd2",
      "kind" : "remoteSourceControl",
      "location" : "git@github.com:jamesmittlerii/SwiftOBD2.git",
      "state" : {
        "branch" : "main",
        "revision" : "97176cf10e6a565bf9afd812a9db08d7ed77dbb9"
      }
    }
  ],
  "version" : 3
}
