// !$*UTF8*$!
{
	archiveVersion = 1;
	classes = {
	};
	objectVersion = 70;
	objects = {

/* Begin PBXBuildFile section */
		CBAD9E9E24A3E3DD00989CA4 /* Main.storyboard in Resources */ = {isa = PBXBuildFile; fileRef = CBAD9E9C24A3E3DD00989CA4 /* Main.storyboard */; };
		CBAD9EA024A3E3DE00989CA4 /* Assets.xcassets in Resources */ = {isa = PBXBuildFile; fileRef = CBAD9E9F24A3E3DE00989CA4 /* Assets.xcassets */; };
		CBAD9EA324A3E3DE00989CA4 /* LaunchScreen.storyboard in Resources */ = {isa = PBXBuildFile; fileRef = CBAD9EA124A3E3DE00989CA4 /* LaunchScreen.storyboard */; };
		CBAD9EC824A3E3EB00989CA4 /* CarPlay.framework in Frameworks */ = {isa = PBXBuildFile; fileRef = CBAD9EC724A3E3EB00989CA4 /* CarPlay.framework */; };
		D44B59FA2ECF717500801658 /* SwiftOBD2 in Frameworks */ = {isa = PBXBuildFile; productRef = D44B59F92ECF717500801658 /* SwiftOBD2 */; };
		D44B59FC2ECF717500801658 /* ViewInspector in Frameworks */ = {isa = PBXBuildFile; productRef = D44B59FB2ECF717500801658 /* ViewInspector */; };
		D44B5A0E2ECF720900801658 /* SwiftOBD2 in Frameworks */ = {isa = PBXBuildFile; productRef = D44B5A0D2ECF720900801658 /* SwiftOBD2 */; };
		D44B5A1D2ECF72A500801658 /* SwiftOBD2 in Frameworks */ = {isa = PBXBuildFile; productRef = D44B5A1C2ECF72A500801658 /* SwiftOBD2 */; };
		D4C696712ECFE98F000AD42A /* ViewInspector in Frameworks */ = {isa = PBXBuildFile; productRef = D4C696702ECFE98F000AD42A /* ViewInspector */; };
		D4C696872ECFED39000AD42A /* SwiftOBD2 in Frameworks */ = {isa = PBXBuildFile; productRef = D4C696862ECFED39000AD42A /* SwiftOBD2 */; };
		D4C696892ECFED39000AD42A /* ViewInspector in Frameworks */ = {isa = PBXBuildFile; productRef = D4C696882ECFED39000AD42A /* ViewInspector */; };
		D4D7C4932EBEBE0D00393ADF /* SwiftOBD2 in Frameworks */ = {isa = PBXBuildFile; productRef = D4D7C4922EBEBE0D00393ADF /* SwiftOBD2 */; };
/* End PBXBuildFile section */

/* Begin PBXContainerItemProxy section */
		D44B59DB2ECF70B900801658 /* PBXContainerItemProxy */ = {
			isa = PBXContainerItemProxy;
			containerPortal = CBAD9E8B24A3E3DD00989CA4 /* Project object */;
			proxyType = 1;
			remoteGlobalIDString = CBAD9E9224A3E3DD00989CA4;
			remoteInfo = obdii;
		};
		D44B59F42ECF716900801658 /* PBXContainerItemProxy */ = {
			isa = PBXContainerItemProxy;
			containerPortal = CBAD9E8B24A3E3DD00989CA4 /* Project object */;
			proxyType = 1;
			remoteGlobalIDString = CBAD9E9224A3E3DD00989CA4;
			remoteInfo = obdii;
		};
		D44B5A172ECF729700801658 /* PBXContainerItemProxy */ = {
			isa = PBXContainerItemProxy;
			containerPortal = CBAD9E8B24A3E3DD00989CA4 /* Project object */;
			proxyType = 1;
			remoteGlobalIDString = CBAD9E9224A3E3DD00989CA4;
			remoteInfo = obdii;
		};
		D4C696812ECFECFF000AD42A /* PBXContainerItemProxy */ = {
			isa = PBXContainerItemProxy;
			containerPortal = CBAD9E8B24A3E3DD00989CA4 /* Project object */;
			proxyType = 1;
			remoteGlobalIDString = CBAD9E9224A3E3DD00989CA4;
			remoteInfo = obdii;
		};
/* End PBXContainerItemProxy section */

/* Begin PBXFileReference section */
		CBAD9E9324A3E3DD00989CA4 /* obdii.app */ = {isa = PBXFileReference; explicitFileType = wrapper.application; includeInIndex = 0; path = obdii.app; sourceTree = BUILT_PRODUCTS_DIR; };
		CBAD9E9D24A3E3DD00989CA4 /* Base */ = {isa = PBXFileReference; lastKnownFileType = file.storyboard; name = Base; path = Base.lproj/Main.storyboard; sourceTree = "<group>"; };
		CBAD9E9F24A3E3DE00989CA4 /* Assets.xcassets */ = {isa = PBXFileReference; lastKnownFileType = folder.assetcatalog; path = Assets.xcassets; sourceTree = "<group>"; };
		CBAD9EA224A3E3DE00989CA4 /* Base */ = {isa = PBXFileReference; lastKnownFileType = file.storyboard; name = Base; path = Base.lproj/LaunchScreen.storyboard; sourceTree = "<group>"; };
		CBAD9EA424A3E3DE00989CA4 /* Info.plist */ = {isa = PBXFileReference; lastKnownFileType = text.plist.xml; path = Info.plist; sourceTree = "<group>"; };
		CBAD9EC724A3E3EB00989CA4 /* CarPlay.framework */ = {isa = PBXFileReference; lastKnownFileType = wrapper.framework; name = CarPlay.framework; path = System/Library/Frameworks/CarPlay.framework; sourceTree = SDKROOT; };
		CBAD9ECB24A3E73800989CA4 /* obdii.entitlements */ = {isa = PBXFileReference; lastKnownFileType = text.plist.entitlements; path = obdii.entitlements; sourceTree = "<group>"; };
		D44B59D72ECF70B900801658 /* testObdiiCore.xctest */ = {isa = PBXFileReference; explicitFileType = wrapper.cfbundle; includeInIndex = 0; path = testObdiiCore.xctest; sourceTree = BUILT_PRODUCTS_DIR; };
		D44B59F02ECF716900801658 /* testObdiiViews.xctest */ = {isa = PBXFileReference; explicitFileType = wrapper.cfbundle; includeInIndex = 0; path = testObdiiViews.xctest; sourceTree = BUILT_PRODUCTS_DIR; };
		D44B5A132ECF729700801658 /* testObdiiViewModels.xctest */ = {isa = PBXFileReference; explicitFileType = wrapper.cfbundle; includeInIndex = 0; path = testObdiiViewModels.xctest; sourceTree = BUILT_PRODUCTS_DIR; };
		D4C6967D2ECFECFF000AD42A /* testObdiiCarPlay.xctest */ = {isa = PBXFileReference; explicitFileType = wrapper.cfbundle; includeInIndex = 0; path = testObdiiCarPlay.xctest; sourceTree = BUILT_PRODUCTS_DIR; };
/* End PBXFileReference section */

/* Begin PBXFileSystemSynchronizedBuildFileExceptionSet section */
		D44B5A4B2ECF73D300801658 /* PBXFileSystemSynchronizedBuildFileExceptionSet */ = {
			isa = PBXFileSystemSynchronizedBuildFileExceptionSet;
			membershipExceptions = (
				testObdiiCarPlay/CarPlayHelpersTest.swift,
				testObdiiViewModels/DiagnosticsViewModelTests.swift,
				testObdiiViewModels/FuelStatusViewModelTests.swift,
				testObdiiViewModels/GaugeDetailViewModelTests.swift,
				testObdiiViewModels/GaugesViewModelTests.swift,
				testObdiiViewModels/MILStatusViewModelTests.swift,
				testObdiiViewModels/PIDToggleListViewModelTests.swift,
				testObdiiViewModels/SettingsViewModelTests.swift,
				testObdiiViews/DiagnosticViewTests.swift,
				testObdiiViews/DTCDetailViewTests.swift,
				testObdiiViews/FuelStatusViewTests.swift,
				testObdiiViews/GaugeDetailViewTests.swift,
				testObdiiViews/GaugeListViewTests.swift,
				testObdiiViews/GaugesViewTests.swift,
				testObdiiViews/MILStatusViewTests.swift,
				testObdiiViews/PIDToggleListViewTests.swift,
				testObdiiViews/RingGaugeViewTests.swift,
				testObdiiViews/RootTabViewTests.swift,
				testObdiiViews/SettingsViewTests.swift,
				testObdiiViews/ViewControllerTests.swift,
			);
			target = D44B59D62ECF70B900801658 /* testObdiiCore */;
		};
		D44B5A4C2ECF73D300801658 /* PBXFileSystemSynchronizedBuildFileExceptionSet */ = {
			isa = PBXFileSystemSynchronizedBuildFileExceptionSet;
			membershipExceptions = (
				testObdiiViews/DiagnosticViewTests.swift,
				testObdiiViews/DTCDetailViewTests.swift,
				testObdiiViews/FuelStatusViewTests.swift,
				testObdiiViews/GaugeDetailViewTests.swift,
				testObdiiViews/GaugeListViewTests.swift,
				testObdiiViews/GaugesViewTests.swift,
				testObdiiViews/MILStatusViewTests.swift,
				testObdiiViews/PIDToggleListViewTests.swift,
				testObdiiViews/RingGaugeViewTests.swift,
				testObdiiViews/RootTabViewTests.swift,
				testObdiiViews/SettingsViewTests.swift,
				testObdiiViews/ViewControllerTests.swift,
			);
			target = D44B59EF2ECF716900801658 /* testObdiiViews */;
		};
		D44B5A5C2ECF73D600801658 /* PBXFileSystemSynchronizedBuildFileExceptionSet */ = {
			isa = PBXFileSystemSynchronizedBuildFileExceptionSet;
			membershipExceptions = (
				testObdiiViewModels/DiagnosticsViewModelTests.swift,
				testObdiiViewModels/FuelStatusViewModelTests.swift,
				testObdiiViewModels/GaugeDetailViewModelTests.swift,
				testObdiiViewModels/GaugesViewModelTests.swift,
				testObdiiViewModels/MILStatusViewModelTests.swift,
				testObdiiViewModels/PIDToggleListViewModelTests.swift,
				testObdiiViewModels/SettingsViewModelTests.swift,
			);
			target = D44B5A122ECF729700801658 /* testObdiiViewModels */;
		};
		D4C6968D2ECFEDDD000AD42A /* PBXFileSystemSynchronizedBuildFileExceptionSet */ = {
			isa = PBXFileSystemSynchronizedBuildFileExceptionSet;
			membershipExceptions = (
				testObdiiCarPlay/CarPlayHelpersTest.swift,
			);
			target = D4C6967C2ECFECFF000AD42A /* testObdiiCarPlay */;
		};
/* End PBXFileSystemSynchronizedBuildFileExceptionSet section */

/* Begin PBXFileSystemSynchronizedRootGroup section */
		D44B5A2E2ECF73C900801658 /* test */ = {isa = PBXFileSystemSynchronizedRootGroup; exceptions = (D44B5A4B2ECF73D300801658 /* PBXFileSystemSynchronizedBuildFileExceptionSet */, D44B5A4C2ECF73D300801658 /* PBXFileSystemSynchronizedBuildFileExceptionSet */, D44B5A5C2ECF73D600801658 /* PBXFileSystemSynchronizedBuildFileExceptionSet */, D4C6968D2ECFEDDD000AD42A /* PBXFileSystemSynchronizedBuildFileExceptionSet */, ); explicitFileTypes = {}; explicitFolders = (); path = test; sourceTree = "<group>"; };
		D4D4D58B2EC7823E00D4623D /* core */ = {isa = PBXFileSystemSynchronizedRootGroup; explicitFileTypes = {}; explicitFolders = (); path = core; sourceTree = "<group>"; };
		D4D4D6862EC7A85900D4623D /* viewmodels */ = {isa = PBXFileSystemSynchronizedRootGroup; explicitFileTypes = {}; explicitFolders = (); path = viewmodels; sourceTree = "<group>"; };
		D4FE92C02EC541E000C061D7 /* carplay */ = {isa = PBXFileSystemSynchronizedRootGroup; explicitFileTypes = {}; explicitFolders = (); path = carplay; sourceTree = "<group>"; };
		D4FE92C12EC5420100C061D7 /* swiftui */ = {isa = PBXFileSystemSynchronizedRootGroup; explicitFileTypes = {}; explicitFolders = (); path = swiftui; sourceTree = "<group>"; };
/* End PBXFileSystemSynchronizedRootGroup section */

/* Begin PBXFrameworksBuildPhase section */
		CBAD9E9024A3E3DD00989CA4 /* Frameworks */ = {
			isa = PBXFrameworksBuildPhase;
			buildActionMask = 2147483647;
			files = (
				CBAD9EC824A3E3EB00989CA4 /* CarPlay.framework in Frameworks */,
				D4D7C4932EBEBE0D00393ADF /* SwiftOBD2 in Frameworks */,
			);
			runOnlyForDeploymentPostprocessing = 0;
		};
		D44B59D42ECF70B900801658 /* Frameworks */ = {
			isa = PBXFrameworksBuildPhase;
			buildActionMask = 2147483647;
			files = (
				D44B5A0E2ECF720900801658 /* SwiftOBD2 in Frameworks */,
				D4C696712ECFE98F000AD42A /* ViewInspector in Frameworks */,
			);
			runOnlyForDeploymentPostprocessing = 0;
		};
		D44B59ED2ECF716900801658 /* Frameworks */ = {
			isa = PBXFrameworksBuildPhase;
			buildActionMask = 2147483647;
			files = (
				D44B59FA2ECF717500801658 /* SwiftOBD2 in Frameworks */,
				D44B59FC2ECF717500801658 /* ViewInspector in Frameworks */,
			);
			runOnlyForDeploymentPostprocessing = 0;
		};
		D44B5A102ECF729700801658 /* Frameworks */ = {
			isa = PBXFrameworksBuildPhase;
			buildActionMask = 2147483647;
			files = (
				D44B5A1D2ECF72A500801658 /* SwiftOBD2 in Frameworks */,
			);
			runOnlyForDeploymentPostprocessing = 0;
		};
		D4C6967A2ECFECFF000AD42A /* Frameworks */ = {
			isa = PBXFrameworksBuildPhase;
			buildActionMask = 2147483647;
			files = (
				D4C696872ECFED39000AD42A /* SwiftOBD2 in Frameworks */,
				D4C696892ECFED39000AD42A /* ViewInspector in Frameworks */,
			);
			runOnlyForDeploymentPostprocessing = 0;
		};
/* End PBXFrameworksBuildPhase section */

/* Begin PBXGroup section */
		CBAD9E8A24A3E3DD00989CA4 = {
			isa = PBXGroup;
			children = (
				CBAD9E9524A3E3DD00989CA4 /* obdii */,
				D44B5A2E2ECF73C900801658 /* test */,
				CBAD9E9424A3E3DD00989CA4 /* Products */,
				CBAD9EC624A3E3EB00989CA4 /* Frameworks */,
			);
			sourceTree = "<group>";
		};
		CBAD9E9424A3E3DD00989CA4 /* Products */ = {
			isa = PBXGroup;
			children = (
				CBAD9E9324A3E3DD00989CA4 /* obdii.app */,
				D44B59D72ECF70B900801658 /* testObdiiCore.xctest */,
				D44B59F02ECF716900801658 /* testObdiiViews.xctest */,
				D44B5A132ECF729700801658 /* testObdiiViewModels.xctest */,
				D4C6967D2ECFECFF000AD42A /* testObdiiCarPlay.xctest */,
			);
			name = Products;
			sourceTree = "<group>";
		};
		CBAD9E9524A3E3DD00989CA4 /* obdii */ = {
			isa = PBXGroup;
			children = (
				D4D4D58B2EC7823E00D4623D /* core */,
				D4FE92C12EC5420100C061D7 /* swiftui */,
				D4FE92C02EC541E000C061D7 /* carplay */,
				D4D4D6862EC7A85900D4623D /* viewmodels */,
				CBAD9E9F24A3E3DE00989CA4 /* Assets.xcassets */,
				CBAD9E9C24A3E3DD00989CA4 /* Main.storyboard */,
				CBAD9EA124A3E3DE00989CA4 /* LaunchScreen.storyboard */,
				CBAD9EA424A3E3DE00989CA4 /* Info.plist */,
				CBAD9ECB24A3E73800989CA4 /* obdii.entitlements */,
			);
			path = obdii;
			sourceTree = "<group>";
		};
		CBAD9EC624A3E3EB00989CA4 /* Frameworks */ = {
			isa = PBXGroup;
			children = (
				CBAD9EC724A3E3EB00989CA4 /* CarPlay.framework */,
			);
			name = Frameworks;
			sourceTree = "<group>";
		};
/* End PBXGroup section */

/* Begin PBXNativeTarget section */
		CBAD9E9224A3E3DD00989CA4 /* obdii */ = {
			isa = PBXNativeTarget;
			buildConfigurationList = CBAD9EBD24A3E3DE00989CA4 /* Build configuration list for PBXNativeTarget "obdii" */;
			buildPhases = (
				CBAD9E8F24A3E3DD00989CA4 /* Sources */,
				CBAD9E9024A3E3DD00989CA4 /* Frameworks */,
				CBAD9E9124A3E3DD00989CA4 /* Resources */,
			);
			buildRules = (
			);
			dependencies = (
			);
			fileSystemSynchronizedGroups = (
				D4D4D58B2EC7823E00D4623D /* core */,
				D4D4D6862EC7A85900D4623D /* viewmodels */,
				D4FE92C02EC541E000C061D7 /* carplay */,
				D4FE92C12EC5420100C061D7 /* swiftui */,
			);
			name = obdii;
			productName = obdii;
			productReference = CBAD9E9324A3E3DD00989CA4 /* obdii.app */;
			productType = "com.apple.product-type.application";
		};
		D44B59D62ECF70B900801658 /* testObdiiCore */ = {
			isa = PBXNativeTarget;
			buildConfigurationList = D44B59DD2ECF70B900801658 /* Build configuration list for PBXNativeTarget "testObdiiCore" */;
			buildPhases = (
				D44B59D32ECF70B900801658 /* Sources */,
				D44B59D42ECF70B900801658 /* Frameworks */,
				D44B59D52ECF70B900801658 /* Resources */,
			);
			buildRules = (
			);
			dependencies = (
				D44B59DC2ECF70B900801658 /* PBXTargetDependency */,
			);
			fileSystemSynchronizedGroups = (
				D44B5A2E2ECF73C900801658 /* test */,
			);
			name = testObdiiCore;
			packageProductDependencies = (
				D44B5A0D2ECF720900801658 /* SwiftOBD2 */,
				D4C696702ECFE98F000AD42A /* ViewInspector */,
			);
			productName = testObdiiCore;
			productReference = D44B59D72ECF70B900801658 /* testObdiiCore.xctest */;
			productType = "com.apple.product-type.bundle.unit-test";
		};
		D44B59EF2ECF716900801658 /* testObdiiViews */ = {
			isa = PBXNativeTarget;
			buildConfigurationList = D44B59F62ECF716900801658 /* Build configuration list for PBXNativeTarget "testObdiiViews" */;
			buildPhases = (
				D44B59EC2ECF716900801658 /* Sources */,
				D44B59ED2ECF716900801658 /* Frameworks */,
				D44B59EE2ECF716900801658 /* Resources */,
			);
			buildRules = (
			);
			dependencies = (
				D44B59F52ECF716900801658 /* PBXTargetDependency */,
			);
			name = testObdiiViews;
			packageProductDependencies = (
				D44B59F92ECF717500801658 /* SwiftOBD2 */,
				D44B59FB2ECF717500801658 /* ViewInspector */,
			);
			productName = testObdiiViews;
			productReference = D44B59F02ECF716900801658 /* testObdiiViews.xctest */;
			productType = "com.apple.product-type.bundle.unit-test";
		};
		D44B5A122ECF729700801658 /* testObdiiViewModels */ = {
			isa = PBXNativeTarget;
			buildConfigurationList = D44B5A192ECF729700801658 /* Build configuration list for PBXNativeTarget "testObdiiViewModels" */;
			buildPhases = (
				D44B5A0F2ECF729700801658 /* Sources */,
				D44B5A102ECF729700801658 /* Frameworks */,
				D44B5A112ECF729700801658 /* Resources */,
			);
			buildRules = (
			);
			dependencies = (
				D44B5A182ECF729700801658 /* PBXTargetDependency */,
			);
			name = testObdiiViewModels;
			packageProductDependencies = (
				D44B5A1C2ECF72A500801658 /* SwiftOBD2 */,
			);
			productName = testObdiiViewModels;
			productReference = D44B5A132ECF729700801658 /* testObdiiViewModels.xctest */;
			productType = "com.apple.product-type.bundle.unit-test";
		};
		D4C6967C2ECFECFF000AD42A /* testObdiiCarPlay */ = {
			isa = PBXNativeTarget;
			buildConfigurationList = D4C696832ECFECFF000AD42A /* Build configuration list for PBXNativeTarget "testObdiiCarPlay" */;
			buildPhases = (
				D4C696792ECFECFF000AD42A /* Sources */,
				D4C6967A2ECFECFF000AD42A /* Frameworks */,
				D4C6967B2ECFECFF000AD42A /* Resources */,
			);
			buildRules = (
			);
			dependencies = (
				D4C696822ECFECFF000AD42A /* PBXTargetDependency */,
			);
			name = testObdiiCarPlay;
			packageProductDependencies = (
				D4C696862ECFED39000AD42A /* SwiftOBD2 */,
				D4C696882ECFED39000AD42A /* ViewInspector */,
			);
			productName = testObdiiCarPlay;
			productReference = D4C6967D2ECFECFF000AD42A /* testObdiiCarPlay.xctest */;
			productType = "com.apple.product-type.bundle.unit-test";
		};
/* End PBXNativeTarget section */

/* Begin PBXProject section */
		CBAD9E8B24A3E3DD00989CA4 /* Project object */ = {
			isa = PBXProject;
			attributes = {
				BuildIndependentTargetsInParallel = YES;
				LastSwiftUpdateCheck = 2610;
				LastUpgradeCheck = 2600;
				TargetAttributes = {
					CBAD9E9224A3E3DD00989CA4 = {
						CreatedOnToolsVersion = 12.0;
					};
					D44B59D62ECF70B900801658 = {
						CreatedOnToolsVersion = 26.1.1;
						TestTargetID = CBAD9E9224A3E3DD00989CA4;
					};
					D44B59EF2ECF716900801658 = {
						CreatedOnToolsVersion = 26.1.1;
						TestTargetID = CBAD9E9224A3E3DD00989CA4;
					};
					D44B5A122ECF729700801658 = {
						CreatedOnToolsVersion = 26.1.1;
						TestTargetID = CBAD9E9224A3E3DD00989CA4;
					};
					D4C6967C2ECFECFF000AD42A = {
						CreatedOnToolsVersion = 26.1.1;
						TestTargetID = CBAD9E9224A3E3DD00989CA4;
					};
				};
			};
			buildConfigurationList = CBAD9E8E24A3E3DD00989CA4 /* Build configuration list for PBXProject "obdii" */;
			compatibilityVersion = "Xcode 9.3";
			developmentRegion = en;
			hasScannedForEncodings = 0;
			knownRegions = (
				en,
				Base,
			);
			mainGroup = CBAD9E8A24A3E3DD00989CA4;
			packageReferences = (
				D4D7C4912EBEBE0D00393ADF /* XCRemoteSwiftPackageReference "SwiftOBD2" */,
				D447FDC52ECE948D001EBAD2 /* XCRemoteSwiftPackageReference "ViewInspector" */,
			);
			productRefGroup = CBAD9E9424A3E3DD00989CA4 /* Products */;
			projectDirPath = "";
			projectRoot = "";
			targets = (
				CBAD9E9224A3E3DD00989CA4 /* obdii */,
				D44B59D62ECF70B900801658 /* testObdiiCore */,
				D44B59EF2ECF716900801658 /* testObdiiViews */,
				D44B5A122ECF729700801658 /* testObdiiViewModels */,
				D4C6967C2ECFECFF000AD42A /* testObdiiCarPlay */,
			);
		};
/* End PBXProject section */

/* Begin PBXResourcesBuildPhase section */
		CBAD9E9124A3E3DD00989CA4 /* Resources */ = {
			isa = PBXResourcesBuildPhase;
			buildActionMask = 2147483647;
			files = (
				CBAD9EA324A3E3DE00989CA4 /* LaunchScreen.storyboard in Resources */,
				CBAD9EA024A3E3DE00989CA4 /* Assets.xcassets in Resources */,
				CBAD9E9E24A3E3DD00989CA4 /* Main.storyboard in Resources */,
			);
			runOnlyForDeploymentPostprocessing = 0;
		};
		D44B59D52ECF70B900801658 /* Resources */ = {
			isa = PBXResourcesBuildPhase;
			buildActionMask = 2147483647;
			files = (
			);
			runOnlyForDeploymentPostprocessing = 0;
		};
		D44B59EE2ECF716900801658 /* Resources */ = {
			isa = PBXResourcesBuildPhase;
			buildActionMask = 2147483647;
			files = (
			);
			runOnlyForDeploymentPostprocessing = 0;
		};
		D44B5A112ECF729700801658 /* Resources */ = {
			isa = PBXResourcesBuildPhase;
			buildActionMask = 2147483647;
			files = (
			);
			runOnlyForDeploymentPostprocessing = 0;
		};
		D4C6967B2ECFECFF000AD42A /* Resources */ = {
			isa = PBXResourcesBuildPhase;
			buildActionMask = 2147483647;
			files = (
			);
			runOnlyForDeploymentPostprocessing = 0;
		};
/* End PBXResourcesBuildPhase section */

/* Begin PBXSourcesBuildPhase section */
		CBAD9E8F24A3E3DD00989CA4 /* Sources */ = {
			isa = PBXSourcesBuildPhase;
			buildActionMask = 2147483647;
			files = (
			);
			runOnlyForDeploymentPostprocessing = 0;
		};
		D44B59D32ECF70B900801658 /* Sources */ = {
			isa = PBXSourcesBuildPhase;
			buildActionMask = 2147483647;
			files = (
			);
			runOnlyForDeploymentPostprocessing = 0;
		};
		D44B59EC2ECF716900801658 /* Sources */ = {
			isa = PBXSourcesBuildPhase;
			buildActionMask = 2147483647;
			files = (
			);
			runOnlyForDeploymentPostprocessing = 0;
		};
		D44B5A0F2ECF729700801658 /* Sources */ = {
			isa = PBXSourcesBuildPhase;
			buildActionMask = 2147483647;
			files = (
			);
			runOnlyForDeploymentPostprocessing = 0;
		};
		D4C696792ECFECFF000AD42A /* Sources */ = {
			isa = PBXSourcesBuildPhase;
			buildActionMask = 2147483647;
			files = (
			);
			runOnlyForDeploymentPostprocessing = 0;
		};
/* End PBXSourcesBuildPhase section */

/* Begin PBXTargetDependency section */
		D44B59DC2ECF70B900801658 /* PBXTargetDependency */ = {
			isa = PBXTargetDependency;
			target = CBAD9E9224A3E3DD00989CA4 /* obdii */;
			targetProxy = D44B59DB2ECF70B900801658 /* PBXContainerItemProxy */;
		};
		D44B59F52ECF716900801658 /* PBXTargetDependency */ = {
			isa = PBXTargetDependency;
			target = CBAD9E9224A3E3DD00989CA4 /* obdii */;
			targetProxy = D44B59F42ECF716900801658 /* PBXContainerItemProxy */;
		};
		D44B5A182ECF729700801658 /* PBXTargetDependency */ = {
			isa = PBXTargetDependency;
			target = CBAD9E9224A3E3DD00989CA4 /* obdii */;
			targetProxy = D44B5A172ECF729700801658 /* PBXContainerItemProxy */;
		};
		D4C696822ECFECFF000AD42A /* PBXTargetDependency */ = {
			isa = PBXTargetDependency;
			target = CBAD9E9224A3E3DD00989CA4 /* obdii */;
			targetProxy = D4C696812ECFECFF000AD42A /* PBXContainerItemProxy */;
		};
/* End PBXTargetDependency section */

/* Begin PBXVariantGroup section */
		CBAD9E9C24A3E3DD00989CA4 /* Main.storyboard */ = {
			isa = PBXVariantGroup;
			children = (
				CBAD9E9D24A3E3DD00989CA4 /* Base */,
			);
			name = Main.storyboard;
			sourceTree = "<group>";
		};
		CBAD9EA124A3E3DE00989CA4 /* LaunchScreen.storyboard */ = {
			isa = PBXVariantGroup;
			children = (
				CBAD9EA224A3E3DE00989CA4 /* Base */,
			);
			name = LaunchScreen.storyboard;
			sourceTree = "<group>";
		};
/* End PBXVariantGroup section */

/* Begin XCBuildConfiguration section */
		CBAD9EBB24A3E3DE00989CA4 /* Debug */ = {
			isa = XCBuildConfiguration;
			buildSettings = {
				ALWAYS_SEARCH_USER_PATHS = NO;
				ASSETCATALOG_COMPILER_GENERATE_SWIFT_ASSET_SYMBOL_EXTENSIONS = YES;
				CLANG_ANALYZER_NONNULL = YES;
				CLANG_ANALYZER_NUMBER_OBJECT_CONVERSION = YES_AGGRESSIVE;
				CLANG_CXX_LANGUAGE_STANDARD = "gnu++14";
				CLANG_CXX_LIBRARY = "libc++";
				CLANG_ENABLE_MODULES = YES;
				CLANG_ENABLE_OBJC_ARC = YES;
				CLANG_ENABLE_OBJC_WEAK = YES;
				CLANG_WARN_BLOCK_CAPTURE_AUTORELEASING = YES;
				CLANG_WARN_BOOL_CONVERSION = YES;
				CLANG_WARN_COMMA = YES;
				CLANG_WARN_CONSTANT_CONVERSION = YES;
				CLANG_WARN_DEPRECATED_OBJC_IMPLEMENTATIONS = YES;
				CLANG_WARN_DIRECT_OBJC_ISA_USAGE = YES_ERROR;
				CLANG_WARN_DOCUMENTATION_COMMENTS = YES;
				CLANG_WARN_EMPTY_BODY = YES;
				CLANG_WARN_ENUM_CONVERSION = YES;
				CLANG_WARN_INFINITE_RECURSION = YES;
				CLANG_WARN_INT_CONVERSION = YES;
				CLANG_WARN_NON_LITERAL_NULL_CONVERSION = YES;
				CLANG_WARN_OBJC_IMPLICIT_RETAIN_SELF = YES;
				CLANG_WARN_OBJC_LITERAL_CONVERSION = YES;
				CLANG_WARN_OBJC_ROOT_CLASS = YES_ERROR;
				CLANG_WARN_QUOTED_INCLUDE_IN_FRAMEWORK_HEADER = YES;
				CLANG_WARN_RANGE_LOOP_ANALYSIS = YES;
				CLANG_WARN_STRICT_PROTOTYPES = YES;
				CLANG_WARN_SUSPICIOUS_MOVE = YES;
				CLANG_WARN_UNGUARDED_AVAILABILITY = YES_AGGRESSIVE;
				CLANG_WARN_UNREACHABLE_CODE = YES;
				CLANG_WARN__DUPLICATE_METHOD_MATCH = YES;
				COPY_PHASE_STRIP = NO;
				DEBUG_INFORMATION_FORMAT = dwarf;
				DEVELOPMENT_TEAM = M3DTZN9V9B;
				ENABLE_STRICT_OBJC_MSGSEND = YES;
				ENABLE_TESTABILITY = YES;
				ENABLE_USER_SCRIPT_SANDBOXING = YES;
				GCC_C_LANGUAGE_STANDARD = gnu11;
				GCC_DYNAMIC_NO_PIC = NO;
				GCC_NO_COMMON_BLOCKS = YES;
				GCC_OPTIMIZATION_LEVEL = 0;
				GCC_PREPROCESSOR_DEFINITIONS = (
					"DEBUG=1",
					"$(inherited)",
				);
				GCC_WARN_64_TO_32_BIT_CONVERSION = YES;
				GCC_WARN_ABOUT_RETURN_TYPE = YES_ERROR;
				GCC_WARN_UNDECLARED_SELECTOR = YES;
				GCC_WARN_UNINITIALIZED_AUTOS = YES_AGGRESSIVE;
				GCC_WARN_UNUSED_FUNCTION = YES;
				GCC_WARN_UNUSED_VARIABLE = YES;
				IPHONEOS_DEPLOYMENT_TARGET = 26.0;
				MTL_ENABLE_DEBUG_INFO = INCLUDE_SOURCE;
				MTL_FAST_MATH = YES;
				ONLY_ACTIVE_ARCH = YES;
				SDKROOT = iphoneos;
				STRING_CATALOG_GENERATE_SYMBOLS = YES;
				SWIFT_ACTIVE_COMPILATION_CONDITIONS = DEBUG;
				SWIFT_OPTIMIZATION_LEVEL = "-Onone";
			};
			name = Debug;
		};
		CBAD9EBC24A3E3DE00989CA4 /* Release */ = {
			isa = XCBuildConfiguration;
			buildSettings = {
				ALWAYS_SEARCH_USER_PATHS = NO;
				ASSETCATALOG_COMPILER_GENERATE_SWIFT_ASSET_SYMBOL_EXTENSIONS = YES;
				CLANG_ANALYZER_NONNULL = YES;
				CLANG_ANALYZER_NUMBER_OBJECT_CONVERSION = YES_AGGRESSIVE;
				CLANG_CXX_LANGUAGE_STANDARD = "gnu++14";
				CLANG_CXX_LIBRARY = "libc++";
				CLANG_ENABLE_MODULES = YES;
				CLANG_ENABLE_OBJC_ARC = YES;
				CLANG_ENABLE_OBJC_WEAK = YES;
				CLANG_WARN_BLOCK_CAPTURE_AUTORELEASING = YES;
				CLANG_WARN_BOOL_CONVERSION = YES;
				CLANG_WARN_COMMA = YES;
				CLANG_WARN_CONSTANT_CONVERSION = YES;
				CLANG_WARN_DEPRECATED_OBJC_IMPLEMENTATIONS = YES;
				CLANG_WARN_DIRECT_OBJC_ISA_USAGE = YES_ERROR;
				CLANG_WARN_DOCUMENTATION_COMMENTS = YES;
				CLANG_WARN_EMPTY_BODY = YES;
				CLANG_WARN_ENUM_CONVERSION = YES;
				CLANG_WARN_INFINITE_RECURSION = YES;
				CLANG_WARN_INT_CONVERSION = YES;
				CLANG_WARN_NON_LITERAL_NULL_CONVERSION = YES;
				CLANG_WARN_OBJC_IMPLICIT_RETAIN_SELF = YES;
				CLANG_WARN_OBJC_LITERAL_CONVERSION = YES;
				CLANG_WARN_OBJC_ROOT_CLASS = YES_ERROR;
				CLANG_WARN_QUOTED_INCLUDE_IN_FRAMEWORK_HEADER = YES;
				CLANG_WARN_RANGE_LOOP_ANALYSIS = YES;
				CLANG_WARN_STRICT_PROTOTYPES = YES;
				CLANG_WARN_SUSPICIOUS_MOVE = YES;
				CLANG_WARN_UNGUARDED_AVAILABILITY = YES_AGGRESSIVE;
				CLANG_WARN_UNREACHABLE_CODE = YES;
				CLANG_WARN__DUPLICATE_METHOD_MATCH = YES;
				COPY_PHASE_STRIP = NO;
				DEBUG_INFORMATION_FORMAT = "dwarf-with-dsym";
				DEVELOPMENT_TEAM = M3DTZN9V9B;
				ENABLE_NS_ASSERTIONS = NO;
				ENABLE_STRICT_OBJC_MSGSEND = YES;
				ENABLE_USER_SCRIPT_SANDBOXING = YES;
				GCC_C_LANGUAGE_STANDARD = gnu11;
				GCC_NO_COMMON_BLOCKS = YES;
				GCC_WARN_64_TO_32_BIT_CONVERSION = YES;
				GCC_WARN_ABOUT_RETURN_TYPE = YES_ERROR;
				GCC_WARN_UNDECLARED_SELECTOR = YES;
				GCC_WARN_UNINITIALIZED_AUTOS = YES_AGGRESSIVE;
				GCC_WARN_UNUSED_FUNCTION = YES;
				GCC_WARN_UNUSED_VARIABLE = YES;
				IPHONEOS_DEPLOYMENT_TARGET = 26.0;
				MTL_ENABLE_DEBUG_INFO = NO;
				MTL_FAST_MATH = YES;
				SDKROOT = iphoneos;
				STRING_CATALOG_GENERATE_SYMBOLS = YES;
				SWIFT_COMPILATION_MODE = wholemodule;
				SWIFT_OPTIMIZATION_LEVEL = "-O";
				VALIDATE_PRODUCT = YES;
			};
			name = Release;
		};
		CBAD9EBE24A3E3DE00989CA4 /* Debug */ = {
			isa = XCBuildConfiguration;
			buildSettings = {
				ASSETCATALOG_COMPILER_APPICON_NAME = AppIcon;
				ASSETCATALOG_COMPILER_GLOBAL_ACCENT_COLOR_NAME = AccentColor;
				CODE_SIGN_ENTITLEMENTS = obdii/obdii.entitlements;
				CODE_SIGN_IDENTITY = "Apple Development";
				CODE_SIGN_STYLE = Automatic;
				CURRENT_PROJECT_VERSION = 19;
				DEVELOPMENT_TEAM = L97LVVC8Y4;
				INFOPLIST_FILE = obdii/Info.plist;
				INFOPLIST_KEY_CFBundleDisplayName = "Rheosoft OBD2";
				INFOPLIST_KEY_LSApplicationCategoryType = "public.app-category.productivity";
				IPHONEOS_DEPLOYMENT_TARGET = 26.0;
				LD_RUNPATH_SEARCH_PATHS = (
					"$(inherited)",
					"@executable_path/Frameworks",
				);
				MARKETING_VERSION = 0.1.5;
				PRODUCT_BUNDLE_IDENTIFIER = com.rheosoft.obdii;
				PRODUCT_NAME = "$(TARGET_NAME)";
				PROVISIONING_PROFILE_SPECIFIER = "";
				SUPPORTED_PLATFORMS = "iphoneos iphonesimulator";
				SUPPORTS_MACCATALYST = NO;
				SUPPORTS_XR_DESIGNED_FOR_IPHONE_IPAD = NO;
				SWIFT_VERSION = 5.0;
				TARGETED_DEVICE_FAMILY = "1,2";
			};
			name = Debug;
		};
		CBAD9EBF24A3E3DE00989CA4 /* Release */ = {
			isa = XCBuildConfiguration;
			buildSettings = {
				ASSETCATALOG_COMPILER_APPICON_NAME = AppIcon;
				ASSETCATALOG_COMPILER_GLOBAL_ACCENT_COLOR_NAME = AccentColor;
				CODE_SIGN_ENTITLEMENTS = obdii/obdii.entitlements;
				CODE_SIGN_IDENTITY = "Apple Development";
				"CODE_SIGN_IDENTITY[sdk=iphoneos*]" = "iPhone Distribution";
				CODE_SIGN_STYLE = Manual;
				CURRENT_PROJECT_VERSION = 19;
				DEVELOPMENT_TEAM = "";
				"DEVELOPMENT_TEAM[sdk=iphoneos*]" = L97LVVC8Y4;
				INFOPLIST_FILE = obdii/Info.plist;
				INFOPLIST_KEY_CFBundleDisplayName = "Rheosoft OBD2";
				INFOPLIST_KEY_LSApplicationCategoryType = "public.app-category.productivity";
				IPHONEOS_DEPLOYMENT_TARGET = 26.0;
				LD_RUNPATH_SEARCH_PATHS = (
					"$(inherited)",
					"@executable_path/Frameworks",
				);
				MARKETING_VERSION = 0.1.5;
				PRODUCT_BUNDLE_IDENTIFIER = com.rheosoft.obdii;
				PRODUCT_NAME = "$(TARGET_NAME)";
				PROVISIONING_PROFILE_SPECIFIER = "";
				"PROVISIONING_PROFILE_SPECIFIER[sdk=iphoneos*]" = "match AppStore com.rheosoft.obdii";
				SUPPORTED_PLATFORMS = "iphonesimulator iphoneos";
				SUPPORTS_MACCATALYST = NO;
				SUPPORTS_XR_DESIGNED_FOR_IPHONE_IPAD = NO;
				SWIFT_VERSION = 5.0;
				TARGETED_DEVICE_FAMILY = "1,2";
			};
			name = Release;
		};
		D44B59DE2ECF70B900801658 /* Debug */ = {
			isa = XCBuildConfiguration;
			buildSettings = {
				BUNDLE_LOADER = "$(TEST_HOST)";
				CLANG_CXX_LANGUAGE_STANDARD = "gnu++20";
				CODE_SIGN_STYLE = Automatic;
				CURRENT_PROJECT_VERSION = 19;
				DEVELOPMENT_TEAM = L97LVVC8Y4;
				GCC_C_LANGUAGE_STANDARD = gnu17;
				GENERATE_INFOPLIST_FILE = YES;
				IPHONEOS_DEPLOYMENT_TARGET = 26.0;
				LOCALIZATION_PREFERS_STRING_CATALOGS = YES;
				MARKETING_VERSION = 1.0;
				PRODUCT_BUNDLE_IDENTIFIER = com.rheosoft.testObdiiCore;
				PRODUCT_NAME = "$(TARGET_NAME)";
				STRING_CATALOG_GENERATE_SYMBOLS = NO;
				SUPPORTED_PLATFORMS = "iphoneos iphonesimulator";
				SUPPORTS_MACCATALYST = NO;
				SUPPORTS_XR_DESIGNED_FOR_IPHONE_IPAD = NO;
				SWIFT_ACTIVE_COMPILATION_CONDITIONS = "DEBUG $(inherited)";
				SWIFT_APPROACHABLE_CONCURRENCY = YES;
				SWIFT_EMIT_LOC_STRINGS = NO;
				SWIFT_UPCOMING_FEATURE_MEMBER_IMPORT_VISIBILITY = YES;
				SWIFT_VERSION = 5.0;
				TARGETED_DEVICE_FAMILY = "1,2";
				TEST_HOST = "$(BUILT_PRODUCTS_DIR)/obdii.app/$(BUNDLE_EXECUTABLE_FOLDER_PATH)/obdii";
			};
			name = Debug;
		};
		D44B59DF2ECF70B900801658 /* Release */ = {
			isa = XCBuildConfiguration;
			buildSettings = {
				BUNDLE_LOADER = "$(TEST_HOST)";
				CLANG_CXX_LANGUAGE_STANDARD = "gnu++20";
				CODE_SIGN_STYLE = Automatic;
				CURRENT_PROJECT_VERSION = 19;
				DEVELOPMENT_TEAM = L97LVVC8Y4;
				GCC_C_LANGUAGE_STANDARD = gnu17;
				GENERATE_INFOPLIST_FILE = YES;
				IPHONEOS_DEPLOYMENT_TARGET = 26.0;
				LOCALIZATION_PREFERS_STRING_CATALOGS = YES;
				MARKETING_VERSION = 1.0;
				PRODUCT_BUNDLE_IDENTIFIER = com.rheosoft.testObdiiCore;
				PRODUCT_NAME = "$(TARGET_NAME)";
				STRING_CATALOG_GENERATE_SYMBOLS = NO;
				SUPPORTED_PLATFORMS = "iphoneos iphonesimulator";
				SUPPORTS_MACCATALYST = NO;
				SUPPORTS_XR_DESIGNED_FOR_IPHONE_IPAD = NO;
				SWIFT_APPROACHABLE_CONCURRENCY = YES;
				SWIFT_EMIT_LOC_STRINGS = NO;
				SWIFT_UPCOMING_FEATURE_MEMBER_IMPORT_VISIBILITY = YES;
				SWIFT_VERSION = 5.0;
				TARGETED_DEVICE_FAMILY = "1,2";
				TEST_HOST = "$(BUILT_PRODUCTS_DIR)/obdii.app/$(BUNDLE_EXECUTABLE_FOLDER_PATH)/obdii";
			};
			name = Release;
		};
		D44B59F72ECF716900801658 /* Debug */ = {
			isa = XCBuildConfiguration;
			buildSettings = {
				BUNDLE_LOADER = "$(TEST_HOST)";
				CLANG_CXX_LANGUAGE_STANDARD = "gnu++20";
				CODE_SIGN_STYLE = Automatic;
				CURRENT_PROJECT_VERSION = 19;
				DEVELOPMENT_TEAM = L97LVVC8Y4;
				GCC_C_LANGUAGE_STANDARD = gnu17;
				GENERATE_INFOPLIST_FILE = YES;
				IPHONEOS_DEPLOYMENT_TARGET = 26.0;
				LOCALIZATION_PREFERS_STRING_CATALOGS = YES;
				MARKETING_VERSION = 1.0;
				PRODUCT_BUNDLE_IDENTIFIER = com.rheosoft.testObdiiViews;
				PRODUCT_NAME = "$(TARGET_NAME)";
				STRING_CATALOG_GENERATE_SYMBOLS = NO;
				SUPPORTED_PLATFORMS = "iphoneos iphonesimulator";
				SUPPORTS_MACCATALYST = NO;
				SUPPORTS_XR_DESIGNED_FOR_IPHONE_IPAD = NO;
				SWIFT_ACTIVE_COMPILATION_CONDITIONS = "DEBUG $(inherited)";
				SWIFT_APPROACHABLE_CONCURRENCY = YES;
				SWIFT_EMIT_LOC_STRINGS = NO;
				SWIFT_UPCOMING_FEATURE_MEMBER_IMPORT_VISIBILITY = YES;
				SWIFT_VERSION = 5.0;
				TARGETED_DEVICE_FAMILY = "1,2";
				TEST_HOST = "$(BUILT_PRODUCTS_DIR)/obdii.app/$(BUNDLE_EXECUTABLE_FOLDER_PATH)/obdii";
			};
			name = Debug;
		};
		D44B59F82ECF716900801658 /* Release */ = {
			isa = XCBuildConfiguration;
			buildSettings = {
				BUNDLE_LOADER = "$(TEST_HOST)";
				CLANG_CXX_LANGUAGE_STANDARD = "gnu++20";
				CODE_SIGN_STYLE = Automatic;
				CURRENT_PROJECT_VERSION = 19;
				DEVELOPMENT_TEAM = L97LVVC8Y4;
				GCC_C_LANGUAGE_STANDARD = gnu17;
				GENERATE_INFOPLIST_FILE = YES;
				IPHONEOS_DEPLOYMENT_TARGET = 26.0;
				LOCALIZATION_PREFERS_STRING_CATALOGS = YES;
				MARKETING_VERSION = 1.0;
				PRODUCT_BUNDLE_IDENTIFIER = com.rheosoft.testObdiiViews;
				PRODUCT_NAME = "$(TARGET_NAME)";
				STRING_CATALOG_GENERATE_SYMBOLS = NO;
				SUPPORTED_PLATFORMS = "iphoneos iphonesimulator";
				SUPPORTS_MACCATALYST = NO;
				SUPPORTS_XR_DESIGNED_FOR_IPHONE_IPAD = NO;
				SWIFT_APPROACHABLE_CONCURRENCY = YES;
				SWIFT_EMIT_LOC_STRINGS = NO;
				SWIFT_UPCOMING_FEATURE_MEMBER_IMPORT_VISIBILITY = YES;
				SWIFT_VERSION = 5.0;
				TARGETED_DEVICE_FAMILY = "1,2";
				TEST_HOST = "$(BUILT_PRODUCTS_DIR)/obdii.app/$(BUNDLE_EXECUTABLE_FOLDER_PATH)/obdii";
			};
			name = Release;
		};
		D44B5A1A2ECF729700801658 /* Debug */ = {
			isa = XCBuildConfiguration;
			buildSettings = {
				BUNDLE_LOADER = "$(TEST_HOST)";
				CLANG_CXX_LANGUAGE_STANDARD = "gnu++20";
				CODE_SIGN_STYLE = Automatic;
				CURRENT_PROJECT_VERSION = 19;
				DEVELOPMENT_TEAM = L97LVVC8Y4;
				GCC_C_LANGUAGE_STANDARD = gnu17;
				GENERATE_INFOPLIST_FILE = YES;
				IPHONEOS_DEPLOYMENT_TARGET = 26.0;
				LOCALIZATION_PREFERS_STRING_CATALOGS = YES;
				MARKETING_VERSION = 1.0;
				PRODUCT_BUNDLE_IDENTIFIER = com.rheosoft.testObdiiViewModels;
				PRODUCT_NAME = "$(TARGET_NAME)";
				STRING_CATALOG_GENERATE_SYMBOLS = NO;
				SUPPORTED_PLATFORMS = "iphoneos iphonesimulator";
				SUPPORTS_MACCATALYST = NO;
				SUPPORTS_XR_DESIGNED_FOR_IPHONE_IPAD = NO;
				SWIFT_ACTIVE_COMPILATION_CONDITIONS = "DEBUG $(inherited)";
				SWIFT_APPROACHABLE_CONCURRENCY = YES;
				SWIFT_EMIT_LOC_STRINGS = NO;
				SWIFT_UPCOMING_FEATURE_MEMBER_IMPORT_VISIBILITY = YES;
				SWIFT_VERSION = 5.0;
				TARGETED_DEVICE_FAMILY = "1,2";
				TEST_HOST = "$(BUILT_PRODUCTS_DIR)/obdii.app/$(BUNDLE_EXECUTABLE_FOLDER_PATH)/obdii";
			};
			name = Debug;
		};
		D44B5A1B2ECF729700801658 /* Release */ = {
			isa = XCBuildConfiguration;
			buildSettings = {
				BUNDLE_LOADER = "$(TEST_HOST)";
				CLANG_CXX_LANGUAGE_STANDARD = "gnu++20";
				CODE_SIGN_STYLE = Automatic;
				CURRENT_PROJECT_VERSION = 19;
				DEVELOPMENT_TEAM = L97LVVC8Y4;
				GCC_C_LANGUAGE_STANDARD = gnu17;
				GENERATE_INFOPLIST_FILE = YES;
				IPHONEOS_DEPLOYMENT_TARGET = 26.0;
				LOCALIZATION_PREFERS_STRING_CATALOGS = YES;
				MARKETING_VERSION = 1.0;
				PRODUCT_BUNDLE_IDENTIFIER = com.rheosoft.testObdiiViewModels;
				PRODUCT_NAME = "$(TARGET_NAME)";
				STRING_CATALOG_GENERATE_SYMBOLS = NO;
				SUPPORTED_PLATFORMS = "iphoneos iphonesimulator";
				SUPPORTS_MACCATALYST = NO;
				SUPPORTS_XR_DESIGNED_FOR_IPHONE_IPAD = NO;
				SWIFT_APPROACHABLE_CONCURRENCY = YES;
				SWIFT_EMIT_LOC_STRINGS = NO;
				SWIFT_UPCOMING_FEATURE_MEMBER_IMPORT_VISIBILITY = YES;
				SWIFT_VERSION = 5.0;
				TARGETED_DEVICE_FAMILY = "1,2";
				TEST_HOST = "$(BUILT_PRODUCTS_DIR)/obdii.app/$(BUNDLE_EXECUTABLE_FOLDER_PATH)/obdii";
			};
			name = Release;
		};
		D4C696842ECFECFF000AD42A /* Debug */ = {
			isa = XCBuildConfiguration;
			buildSettings = {
				BUNDLE_LOADER = "$(TEST_HOST)";
				CLANG_CXX_LANGUAGE_STANDARD = "gnu++20";
				CODE_SIGN_STYLE = Automatic;
				CURRENT_PROJECT_VERSION = 19;
				DEVELOPMENT_TEAM = L97LVVC8Y4;
				GCC_C_LANGUAGE_STANDARD = gnu17;
				GENERATE_INFOPLIST_FILE = YES;
				IPHONEOS_DEPLOYMENT_TARGET = 26.0;
				LOCALIZATION_PREFERS_STRING_CATALOGS = YES;
				MARKETING_VERSION = 1.0;
				PRODUCT_BUNDLE_IDENTIFIER = com.rheosoft.testObdiiCarPlay;
				PRODUCT_NAME = "$(TARGET_NAME)";
				STRING_CATALOG_GENERATE_SYMBOLS = NO;
				SUPPORTED_PLATFORMS = "iphoneos iphonesimulator";
				SUPPORTS_MACCATALYST = NO;
				SUPPORTS_XR_DESIGNED_FOR_IPHONE_IPAD = NO;
				SWIFT_ACTIVE_COMPILATION_CONDITIONS = "DEBUG $(inherited)";
				SWIFT_APPROACHABLE_CONCURRENCY = YES;
				SWIFT_EMIT_LOC_STRINGS = NO;
				SWIFT_UPCOMING_FEATURE_MEMBER_IMPORT_VISIBILITY = YES;
				SWIFT_VERSION = 5.0;
				TARGETED_DEVICE_FAMILY = "1,2";
				TEST_HOST = "$(BUILT_PRODUCTS_DIR)/obdii.app/$(BUNDLE_EXECUTABLE_FOLDER_PATH)/obdii";
			};
			name = Debug;
		};
		D4C696852ECFECFF000AD42A /* Release */ = {
			isa = XCBuildConfiguration;
			buildSettings = {
				BUNDLE_LOADER = "$(TEST_HOST)";
				CLANG_CXX_LANGUAGE_STANDARD = "gnu++20";
				CODE_SIGN_STYLE = Automatic;
				CURRENT_PROJECT_VERSION = 19;
				DEVELOPMENT_TEAM = L97LVVC8Y4;
				GCC_C_LANGUAGE_STANDARD = gnu17;
				GENERATE_INFOPLIST_FILE = YES;
				IPHONEOS_DEPLOYMENT_TARGET = 26.0;
				LOCALIZATION_PREFERS_STRING_CATALOGS = YES;
				MARKETING_VERSION = 1.0;
				PRODUCT_BUNDLE_IDENTIFIER = com.rheosoft.testObdiiCarPlay;
				PRODUCT_NAME = "$(TARGET_NAME)";
				STRING_CATALOG_GENERATE_SYMBOLS = NO;
				SUPPORTED_PLATFORMS = "iphoneos iphonesimulator";
				SUPPORTS_MACCATALYST = NO;
				SUPPORTS_XR_DESIGNED_FOR_IPHONE_IPAD = NO;
				SWIFT_APPROACHABLE_CONCURRENCY = YES;
				SWIFT_EMIT_LOC_STRINGS = NO;
				SWIFT_UPCOMING_FEATURE_MEMBER_IMPORT_VISIBILITY = YES;
				SWIFT_VERSION = 5.0;
				TARGETED_DEVICE_FAMILY = "1,2";
				TEST_HOST = "$(BUILT_PRODUCTS_DIR)/obdii.app/$(BUNDLE_EXECUTABLE_FOLDER_PATH)/obdii";
			};
			name = Release;
		};
/* End XCBuildConfiguration section */

/* Begin XCConfigurationList section */
		CBAD9E8E24A3E3DD00989CA4 /* Build configuration list for PBXProject "obdii" */ = {
			isa = XCConfigurationList;
			buildConfigurations = (
				CBAD9EBB24A3E3DE00989CA4 /* Debug */,
				CBAD9EBC24A3E3DE00989CA4 /* Release */,
			);
			defaultConfigurationIsVisible = 0;
			defaultConfigurationName = Release;
		};
		CBAD9EBD24A3E3DE00989CA4 /* Build configuration list for PBXNativeTarget "obdii" */ = {
			isa = XCConfigurationList;
			buildConfigurations = (
				CBAD9EBE24A3E3DE00989CA4 /* Debug */,
				CBAD9EBF24A3E3DE00989CA4 /* Release */,
			);
			defaultConfigurationIsVisible = 0;
			defaultConfigurationName = Release;
		};
		D44B59DD2ECF70B900801658 /* Build configuration list for PBXNativeTarget "testObdiiCore" */ = {
			isa = XCConfigurationList;
			buildConfigurations = (
				D44B59DE2ECF70B900801658 /* Debug */,
				D44B59DF2ECF70B900801658 /* Release */,
			);
			defaultConfigurationIsVisible = 0;
			defaultConfigurationName = Release;
		};
		D44B59F62ECF716900801658 /* Build configuration list for PBXNativeTarget "testObdiiViews" */ = {
			isa = XCConfigurationList;
			buildConfigurations = (
				D44B59F72ECF716900801658 /* Debug */,
				D44B59F82ECF716900801658 /* Release */,
			);
			defaultConfigurationIsVisible = 0;
			defaultConfigurationName = Release;
		};
		D44B5A192ECF729700801658 /* Build configuration list for PBXNativeTarget "testObdiiViewModels" */ = {
			isa = XCConfigurationList;
			buildConfigurations = (
				D44B5A1A2ECF729700801658 /* Debug */,
				D44B5A1B2ECF729700801658 /* Release */,
			);
			defaultConfigurationIsVisible = 0;
			defaultConfigurationName = Release;
		};
		D4C696832ECFECFF000AD42A /* Build configuration list for PBXNativeTarget "testObdiiCarPlay" */ = {
			isa = XCConfigurationList;
			buildConfigurations = (
				D4C696842ECFECFF000AD42A /* Debug */,
				D4C696852ECFECFF000AD42A /* Release */,
			);
			defaultConfigurationIsVisible = 0;
			defaultConfigurationName = Release;
		};
/* End XCConfigurationList section */

/* Begin XCRemoteSwiftPackageReference section */
		D447FDC52ECE948D001EBAD2 /* XCRemoteSwiftPackageReference "ViewInspector" */ = {
			isa = XCRemoteSwiftPackageReference;
			repositoryURL = "https://github.com/nalexn/ViewInspector";
			requirement = {
				kind = upToNextMajorVersion;
				minimumVersion = 0.10.3;
			};
		};
		D4D7C4912EBEBE0D00393ADF /* XCRemoteSwiftPackageReference "SwiftOBD2" */ = {
			isa = XCRemoteSwiftPackageReference;
			repositoryURL = "https://github.com/jamesmittlerii/SwiftOBD2";
			requirement = {
				branch = main;
				kind = branch;
			};
		};
/* End XCRemoteSwiftPackageReference section */

/* Begin XCSwiftPackageProductDependency section */
		D44B59F92ECF717500801658 /* SwiftOBD2 */ = {
			isa = XCSwiftPackageProductDependency;
			package = D4D7C4912EBEBE0D00393ADF /* XCRemoteSwiftPackageReference "SwiftOBD2" */;
			productName = SwiftOBD2;
		};
		D44B59FB2ECF717500801658 /* ViewInspector */ = {
			isa = XCSwiftPackageProductDependency;
			package = D447FDC52ECE948D001EBAD2 /* XCRemoteSwiftPackageReference "ViewInspector" */;
			productName = ViewInspector;
		};
		D44B5A0D2ECF720900801658 /* SwiftOBD2 */ = {
			isa = XCSwiftPackageProductDependency;
			package = D4D7C4912EBEBE0D00393ADF /* XCRemoteSwiftPackageReference "SwiftOBD2" */;
			productName = SwiftOBD2;
		};
		D44B5A1C2ECF72A500801658 /* SwiftOBD2 */ = {
			isa = XCSwiftPackageProductDependency;
			package = D4D7C4912EBEBE0D00393ADF /* XCRemoteSwiftPackageReference "SwiftOBD2" */;
			productName = SwiftOBD2;
		};
		D4C696702ECFE98F000AD42A /* ViewInspector */ = {
			isa = XCSwiftPackageProductDependency;
			package = D447FDC52ECE948D001EBAD2 /* XCRemoteSwiftPackageReference "ViewInspector" */;
			productName = ViewInspector;
		};
		D4C696862ECFED39000AD42A /* SwiftOBD2 */ = {
			isa = XCSwiftPackageProductDependency;
			package = D4D7C4912EBEBE0D00393ADF /* XCRemoteSwiftPackageReference "SwiftOBD2" */;
			productName = SwiftOBD2;
		};
		D4C696882ECFED39000AD42A /* ViewInspector */ = {
			isa = XCSwiftPackageProductDependency;
			package = D447FDC52ECE948D001EBAD2 /* XCRemoteSwiftPackageReference "ViewInspector" */;
			productName = ViewInspector;
		};
		D4D7C4922EBEBE0D00393ADF /* SwiftOBD2 */ = {
			isa = XCSwiftPackageProductDependency;
			package = D4D7C4912EBEBE0D00393ADF /* XCRemoteSwiftPackageReference "SwiftOBD2" */;
			productName = SwiftOBD2;
		};
/* End XCSwiftPackageProductDependency section */
	};
	rootObject = CBAD9E8B24A3E3DD00989CA4 /* Project object */;
}
