// !$*UTF8*$!
{
	archiveVersion = 1;
	classes = {
	};
	objectVersion = 70;
	objects = {

/* Begin PBXBuildFile section */
		CBAD9E9E24A3E3DD00989CA4 /* Main.storyboard in Resources */ = {isa = PBXBuildFile; fileRef = CBAD9E9C24A3E3DD00989CA4 /* Main.storyboard */; };
		CBAD9EA024A3E3DE00989CA4 /* Assets.xcassets in Resources */ = {isa = PBXBuildFile; fileRef = CBAD9E9F24A3E3DE00989CA4 /* Assets.xcassets */; };
		CBAD9EA324A3E3DE00989CA4 /* LaunchScreen.storyboard in Resources */ = {isa = PBXBuildFile; fileRef = CBAD9EA124A3E3DE00989CA4 /* LaunchScreen.storyboard */; };
		CBAD9EAE24A3E3DE00989CA4 /* obdiiTests.swift in Sources */ = {isa = PBXBuildFile; fileRef = CBAD9EAD24A3E3DE00989CA4 /* obdiiTests.swift */; };
		CBAD9EB924A3E3DE00989CA4 /* obdiiUITests.swift in Sources */ = {isa = PBXBuildFile; fileRef = CBAD9EB824A3E3DE00989CA4 /* obdiiUITests.swift */; };
		CBAD9EC824A3E3EB00989CA4 /* CarPlay.framework in Frameworks */ = {isa = PBXBuildFile; fileRef = CBAD9EC724A3E3EB00989CA4 /* CarPlay.framework */; };
		D43E332A2EB9568F00752784 /* ConfigData.swift in Sources */ = {isa = PBXBuildFile; fileRef = D43E33292EB9568F00752784 /* ConfigData.swift */; };
		D44A4B942EC14F7300DC076E /* Helpers.swift in Sources */ = {isa = PBXBuildFile; fileRef = D44A4B932EC14F7100DC076E /* Helpers.swift */; };
		D474B5932EBD21B300309D63 /* PIDStore.swift in Sources */ = {isa = PBXBuildFile; fileRef = D474B5922EBD21B300309D63 /* PIDStore.swift */; };
		D4A659F02EB95E5100E1A1C9 /* OBDConnectionManager.swift in Sources */ = {isa = PBXBuildFile; fileRef = D4A659EF2EB95E4A00E1A1C9 /* OBDConnectionManager.swift */; };
		D4C95C2C2EB904A300364CB6 /* OBDII.swift in Sources */ = {isa = PBXBuildFile; fileRef = D4C95C2B2EB9049F00364CB6 /* OBDII.swift */; };
		D4C95C302EB9352600364CB6 /* OBDIIPID.swift in Sources */ = {isa = PBXBuildFile; fileRef = D4C95C2F2EB9352000364CB6 /* OBDIIPID.swift */; };
		D4D7C4932EBEBE0D00393ADF /* SwiftOBD2 in Frameworks */ = {isa = PBXBuildFile; productRef = D4D7C4922EBEBE0D00393ADF /* SwiftOBD2 */; };
/* End PBXBuildFile section */

/* Begin PBXContainerItemProxy section */
		CBAD9EAA24A3E3DE00989CA4 /* PBXContainerItemProxy */ = {
			isa = PBXContainerItemProxy;
			containerPortal = CBAD9E8B24A3E3DD00989CA4 /* Project object */;
			proxyType = 1;
			remoteGlobalIDString = CBAD9E9224A3E3DD00989CA4;
			remoteInfo = obdii;
		};
		CBAD9EB524A3E3DE00989CA4 /* PBXContainerItemProxy */ = {
			isa = PBXContainerItemProxy;
			containerPortal = CBAD9E8B24A3E3DD00989CA4 /* Project object */;
			proxyType = 1;
			remoteGlobalIDString = CBAD9E9224A3E3DD00989CA4;
			remoteInfo = obdii;
		};
/* End PBXContainerItemProxy section */

/* Begin PBXFileReference section */
		CBAD9E9324A3E3DD00989CA4 /* obdii.app */ = {isa = PBXFileReference; explicitFileType = wrapper.application; includeInIndex = 0; path = obdii.app; sourceTree = BUILT_PRODUCTS_DIR; };
		CBAD9E9D24A3E3DD00989CA4 /* Base */ = {isa = PBXFileReference; lastKnownFileType = file.storyboard; name = Base; path = Base.lproj/Main.storyboard; sourceTree = "<group>"; };
		CBAD9E9F24A3E3DE00989CA4 /* Assets.xcassets */ = {isa = PBXFileReference; lastKnownFileType = folder.assetcatalog; path = Assets.xcassets; sourceTree = "<group>"; };
		CBAD9EA224A3E3DE00989CA4 /* Base */ = {isa = PBXFileReference; lastKnownFileType = file.storyboard; name = Base; path = Base.lproj/LaunchScreen.storyboard; sourceTree = "<group>"; };
		CBAD9EA424A3E3DE00989CA4 /* Info.plist */ = {isa = PBXFileReference; lastKnownFileType = text.plist.xml; path = Info.plist; sourceTree = "<group>"; };
		CBAD9EA924A3E3DE00989CA4 /* obdiiTests.xctest */ = {isa = PBXFileReference; explicitFileType = wrapper.cfbundle; includeInIndex = 0; path = obdiiTests.xctest; sourceTree = BUILT_PRODUCTS_DIR; };
		CBAD9EAD24A3E3DE00989CA4 /* obdiiTests.swift */ = {isa = PBXFileReference; lastKnownFileType = sourcecode.swift; path = obdiiTests.swift; sourceTree = "<group>"; };
		CBAD9EAF24A3E3DE00989CA4 /* Info.plist */ = {isa = PBXFileReference; lastKnownFileType = text.plist.xml; path = Info.plist; sourceTree = "<group>"; };
		CBAD9EB424A3E3DE00989CA4 /* obdiiUITests.xctest */ = {isa = PBXFileReference; explicitFileType = wrapper.cfbundle; includeInIndex = 0; path = obdiiUITests.xctest; sourceTree = BUILT_PRODUCTS_DIR; };
		CBAD9EB824A3E3DE00989CA4 /* obdiiUITests.swift */ = {isa = PBXFileReference; lastKnownFileType = sourcecode.swift; path = obdiiUITests.swift; sourceTree = "<group>"; };
		CBAD9EBA24A3E3DE00989CA4 /* Info.plist */ = {isa = PBXFileReference; lastKnownFileType = text.plist.xml; path = Info.plist; sourceTree = "<group>"; };
		CBAD9EC724A3E3EB00989CA4 /* CarPlay.framework */ = {isa = PBXFileReference; lastKnownFileType = wrapper.framework; name = CarPlay.framework; path = System/Library/Frameworks/CarPlay.framework; sourceTree = SDKROOT; };
		CBAD9ECB24A3E73800989CA4 /* obdii.entitlements */ = {isa = PBXFileReference; lastKnownFileType = text.plist.entitlements; path = obdii.entitlements; sourceTree = "<group>"; };
		D43E33292EB9568F00752784 /* ConfigData.swift */ = {isa = PBXFileReference; lastKnownFileType = sourcecode.swift; path = ConfigData.swift; sourceTree = "<group>"; };
		D44A4B932EC14F7100DC076E /* Helpers.swift */ = {isa = PBXFileReference; lastKnownFileType = sourcecode.swift; path = Helpers.swift; sourceTree = "<group>"; };
		D474B5922EBD21B300309D63 /* PIDStore.swift */ = {isa = PBXFileReference; lastKnownFileType = sourcecode.swift; path = PIDStore.swift; sourceTree = "<group>"; };
		D4A659EF2EB95E4A00E1A1C9 /* OBDConnectionManager.swift */ = {isa = PBXFileReference; lastKnownFileType = sourcecode.swift; path = OBDConnectionManager.swift; sourceTree = "<group>"; };
		D4C95C2B2EB9049F00364CB6 /* OBDII.swift */ = {isa = PBXFileReference; lastKnownFileType = sourcecode.swift; path = OBDII.swift; sourceTree = "<group>"; };
		D4C95C2F2EB9352000364CB6 /* OBDIIPID.swift */ = {isa = PBXFileReference; lastKnownFileType = sourcecode.swift; path = OBDIIPID.swift; sourceTree = "<group>"; };
/* End PBXFileReference section */

/* Begin PBXFileSystemSynchronizedRootGroup section */
		D4FE92C02EC541E000C061D7 /* carplay */ = {isa = PBXFileSystemSynchronizedRootGroup; explicitFileTypes = {}; explicitFolders = (); path = carplay; sourceTree = "<group>"; };
		D4FE92C12EC5420100C061D7 /* swiftui */ = {isa = PBXFileSystemSynchronizedRootGroup; explicitFileTypes = {}; explicitFolders = (); path = swiftui; sourceTree = "<group>"; };
/* End PBXFileSystemSynchronizedRootGroup section */

/* Begin PBXFrameworksBuildPhase section */
		CBAD9E9024A3E3DD00989CA4 /* Frameworks */ = {
			isa = PBXFrameworksBuildPhase;
			buildActionMask = 2147483647;
			files = (
				CBAD9EC824A3E3EB00989CA4 /* CarPlay.framework in Frameworks */,
				D4D7C4932EBEBE0D00393ADF /* SwiftOBD2 in Frameworks */,
			);
			runOnlyForDeploymentPostprocessing = 0;
		};
		CBAD9EA624A3E3DE00989CA4 /* Frameworks */ = {
			isa = PBXFrameworksBuildPhase;
			buildActionMask = 2147483647;
			files = (
			);
			runOnlyForDeploymentPostprocessing = 0;
		};
		CBAD9EB124A3E3DE00989CA4 /* Frameworks */ = {
			isa = PBXFrameworksBuildPhase;
			buildActionMask = 2147483647;
			files = (
			);
			runOnlyForDeploymentPostprocessing = 0;
		};
/* End PBXFrameworksBuildPhase section */

/* Begin PBXGroup section */
		CBAD9E8A24A3E3DD00989CA4 = {
			isa = PBXGroup;
			children = (
				CBAD9E9524A3E3DD00989CA4 /* obdii */,
				CBAD9EAC24A3E3DE00989CA4 /* obdiiTests */,
				CBAD9EB724A3E3DE00989CA4 /* obdiiUITests */,
				CBAD9E9424A3E3DD00989CA4 /* Products */,
				CBAD9EC624A3E3EB00989CA4 /* Frameworks */,
			);
			sourceTree = "<group>";
		};
		CBAD9E9424A3E3DD00989CA4 /* Products */ = {
			isa = PBXGroup;
			children = (
				CBAD9E9324A3E3DD00989CA4 /* obdii.app */,
				CBAD9EA924A3E3DE00989CA4 /* obdiiTests.xctest */,
				CBAD9EB424A3E3DE00989CA4 /* obdiiUITests.xctest */,
			);
			name = Products;
			sourceTree = "<group>";
		};
		CBAD9E9524A3E3DD00989CA4 /* obdii */ = {
			isa = PBXGroup;
			children = (
				D4FE92C12EC5420100C061D7 /* swiftui */,
				D4FE92C02EC541E000C061D7 /* carplay */,
				D44A4B932EC14F7100DC076E /* Helpers.swift */,
				D4A659EF2EB95E4A00E1A1C9 /* OBDConnectionManager.swift */,
				D43E33292EB9568F00752784 /* ConfigData.swift */,
				D4C95C2F2EB9352000364CB6 /* OBDIIPID.swift */,
				D4C95C2B2EB9049F00364CB6 /* OBDII.swift */,
				CBAD9E9C24A3E3DD00989CA4 /* Main.storyboard */,
				CBAD9E9F24A3E3DE00989CA4 /* Assets.xcassets */,
				CBAD9EA124A3E3DE00989CA4 /* LaunchScreen.storyboard */,
				CBAD9EA424A3E3DE00989CA4 /* Info.plist */,
				CBAD9ECB24A3E73800989CA4 /* obdii.entitlements */,
				D474B5922EBD21B300309D63 /* PIDStore.swift */,
			);
			path = obdii;
			sourceTree = "<group>";
		};
		CBAD9EAC24A3E3DE00989CA4 /* obdiiTests */ = {
			isa = PBXGroup;
			children = (
				CBAD9EAD24A3E3DE00989CA4 /* obdiiTests.swift */,
				CBAD9EAF24A3E3DE00989CA4 /* Info.plist */,
			);
			path = obdiiTests;
			sourceTree = "<group>";
		};
		CBAD9EB724A3E3DE00989CA4 /* obdiiUITests */ = {
			isa = PBXGroup;
			children = (
				CBAD9EB824A3E3DE00989CA4 /* obdiiUITests.swift */,
				CBAD9EBA24A3E3DE00989CA4 /* Info.plist */,
			);
			path = obdiiUITests;
			sourceTree = "<group>";
		};
		CBAD9EC624A3E3EB00989CA4 /* Frameworks */ = {
			isa = PBXGroup;
			children = (
				CBAD9EC724A3E3EB00989CA4 /* CarPlay.framework */,
			);
			name = Frameworks;
			sourceTree = "<group>";
		};
/* End PBXGroup section */

/* Begin PBXNativeTarget section */
		CBAD9E9224A3E3DD00989CA4 /* obdii */ = {
			isa = PBXNativeTarget;
			buildConfigurationList = CBAD9EBD24A3E3DE00989CA4 /* Build configuration list for PBXNativeTarget "obdii" */;
			buildPhases = (
				CBAD9E8F24A3E3DD00989CA4 /* Sources */,
				CBAD9E9024A3E3DD00989CA4 /* Frameworks */,
				CBAD9E9124A3E3DD00989CA4 /* Resources */,
			);
			buildRules = (
			);
			dependencies = (
			);
			fileSystemSynchronizedGroups = (
				D4FE92C02EC541E000C061D7 /* carplay */,
				D4FE92C12EC5420100C061D7 /* swiftui */,
			);
			name = obdii;
			productName = obdii;
			productReference = CBAD9E9324A3E3DD00989CA4 /* obdii.app */;
			productType = "com.apple.product-type.application";
		};
		CBAD9EA824A3E3DE00989CA4 /* obdiiTests */ = {
			isa = PBXNativeTarget;
			buildConfigurationList = CBAD9EC024A3E3DE00989CA4 /* Build configuration list for PBXNativeTarget "obdiiTests" */;
			buildPhases = (
				CBAD9EA524A3E3DE00989CA4 /* Sources */,
				CBAD9EA624A3E3DE00989CA4 /* Frameworks */,
				CBAD9EA724A3E3DE00989CA4 /* Resources */,
			);
			buildRules = (
			);
			dependencies = (
				CBAD9EAB24A3E3DE00989CA4 /* PBXTargetDependency */,
			);
			name = obdiiTests;
			productName = obdiiTests;
			productReference = CBAD9EA924A3E3DE00989CA4 /* obdiiTests.xctest */;
			productType = "com.apple.product-type.bundle.unit-test";
		};
		CBAD9EB324A3E3DE00989CA4 /* obdiiUITests */ = {
			isa = PBXNativeTarget;
			buildConfigurationList = CBAD9EC324A3E3DE00989CA4 /* Build configuration list for PBXNativeTarget "obdiiUITests" */;
			buildPhases = (
				CBAD9EB024A3E3DE00989CA4 /* Sources */,
				CBAD9EB124A3E3DE00989CA4 /* Frameworks */,
				CBAD9EB224A3E3DE00989CA4 /* Resources */,
			);
			buildRules = (
			);
			dependencies = (
				CBAD9EB624A3E3DE00989CA4 /* PBXTargetDependency */,
			);
			name = obdiiUITests;
			productName = obdiiUITests;
			productReference = CBAD9EB424A3E3DE00989CA4 /* obdiiUITests.xctest */;
			productType = "com.apple.product-type.bundle.ui-testing";
		};
/* End PBXNativeTarget section */

/* Begin PBXProject section */
		CBAD9E8B24A3E3DD00989CA4 /* Project object */ = {
			isa = PBXProject;
			attributes = {
				BuildIndependentTargetsInParallel = YES;
				LastSwiftUpdateCheck = 1200;
				LastUpgradeCheck = 2600;
				TargetAttributes = {
					CBAD9E9224A3E3DD00989CA4 = {
						CreatedOnToolsVersion = 12.0;
					};
					CBAD9EA824A3E3DE00989CA4 = {
						CreatedOnToolsVersion = 12.0;
						TestTargetID = CBAD9E9224A3E3DD00989CA4;
					};
					CBAD9EB324A3E3DE00989CA4 = {
						CreatedOnToolsVersion = 12.0;
						TestTargetID = CBAD9E9224A3E3DD00989CA4;
					};
				};
			};
			buildConfigurationList = CBAD9E8E24A3E3DD00989CA4 /* Build configuration list for PBXProject "obdii" */;
			compatibilityVersion = "Xcode 9.3";
			developmentRegion = en;
			hasScannedForEncodings = 0;
			knownRegions = (
				en,
				Base,
			);
			mainGroup = CBAD9E8A24A3E3DD00989CA4;
			packageReferences = (
				D4D7C4912EBEBE0D00393ADF /* XCRemoteSwiftPackageReference "SwiftOBD2" */,
			);
			productRefGroup = CBAD9E9424A3E3DD00989CA4 /* Products */;
			projectDirPath = "";
			projectRoot = "";
			targets = (
				CBAD9E9224A3E3DD00989CA4 /* obdii */,
				CBAD9EA824A3E3DE00989CA4 /* obdiiTests */,
				CBAD9EB324A3E3DE00989CA4 /* obdiiUITests */,
			);
		};
/* End PBXProject section */

/* Begin PBXResourcesBuildPhase section */
		CBAD9E9124A3E3DD00989CA4 /* Resources */ = {
			isa = PBXResourcesBuildPhase;
			buildActionMask = 2147483647;
			files = (
				CBAD9EA324A3E3DE00989CA4 /* LaunchScreen.storyboard in Resources */,
				CBAD9EA024A3E3DE00989CA4 /* Assets.xcassets in Resources */,
				CBAD9E9E24A3E3DD00989CA4 /* Main.storyboard in Resources */,
			);
			runOnlyForDeploymentPostprocessing = 0;
		};
		CBAD9EA724A3E3DE00989CA4 /* Resources */ = {
			isa = PBXResourcesBuildPhase;
			buildActionMask = 2147483647;
			files = (
			);
			runOnlyForDeploymentPostprocessing = 0;
		};
		CBAD9EB224A3E3DE00989CA4 /* Resources */ = {
			isa = PBXResourcesBuildPhase;
			buildActionMask = 2147483647;
			files = (
			);
			runOnlyForDeploymentPostprocessing = 0;
		};
/* End PBXResourcesBuildPhase section */

/* Begin PBXSourcesBuildPhase section */
		CBAD9E8F24A3E3DD00989CA4 /* Sources */ = {
			isa = PBXSourcesBuildPhase;
			buildActionMask = 2147483647;
			files = (
				D44A4B942EC14F7300DC076E /* Helpers.swift in Sources */,
				D4C95C2C2EB904A300364CB6 /* OBDII.swift in Sources */,
				D43E332A2EB9568F00752784 /* ConfigData.swift in Sources */,
				D4A659F02EB95E5100E1A1C9 /* OBDConnectionManager.swift in Sources */,
				D474B5932EBD21B300309D63 /* PIDStore.swift in Sources */,
				D4C95C302EB9352600364CB6 /* OBDIIPID.swift in Sources */,
			);
			runOnlyForDeploymentPostprocessing = 0;
		};
		CBAD9EA524A3E3DE00989CA4 /* Sources */ = {
			isa = PBXSourcesBuildPhase;
			buildActionMask = 2147483647;
			files = (
				CBAD9EAE24A3E3DE00989CA4 /* obdiiTests.swift in Sources */,
			);
			runOnlyForDeploymentPostprocessing = 0;
		};
		CBAD9EB024A3E3DE00989CA4 /* Sources */ = {
			isa = PBXSourcesBuildPhase;
			buildActionMask = 2147483647;
			files = (
				CBAD9EB924A3E3DE00989CA4 /* obdiiUITests.swift in Sources */,
			);
			runOnlyForDeploymentPostprocessing = 0;
		};
/* End PBXSourcesBuildPhase section */

/* Begin PBXTargetDependency section */
		CBAD9EAB24A3E3DE00989CA4 /* PBXTargetDependency */ = {
			isa = PBXTargetDependency;
			target = CBAD9E9224A3E3DD00989CA4 /* obdii */;
			targetProxy = CBAD9EAA24A3E3DE00989CA4 /* PBXContainerItemProxy */;
		};
		CBAD9EB624A3E3DE00989CA4 /* PBXTargetDependency */ = {
			isa = PBXTargetDependency;
			target = CBAD9E9224A3E3DD00989CA4 /* obdii */;
			targetProxy = CBAD9EB524A3E3DE00989CA4 /* PBXContainerItemProxy */;
		};
/* End PBXTargetDependency section */

/* Begin PBXVariantGroup section */
		CBAD9E9C24A3E3DD00989CA4 /* Main.storyboard */ = {
			isa = PBXVariantGroup;
			children = (
				CBAD9E9D24A3E3DD00989CA4 /* Base */,
			);
			name = Main.storyboard;
			sourceTree = "<group>";
		};
		CBAD9EA124A3E3DE00989CA4 /* LaunchScreen.storyboard */ = {
			isa = PBXVariantGroup;
			children = (
				CBAD9EA224A3E3DE00989CA4 /* Base */,
			);
			name = LaunchScreen.storyboard;
			sourceTree = "<group>";
		};
/* End PBXVariantGroup section */

/* Begin XCBuildConfiguration section */
		CBAD9EBB24A3E3DE00989CA4 /* Debug */ = {
			isa = XCBuildConfiguration;
			buildSettings = {
				ALWAYS_SEARCH_USER_PATHS = NO;
				ASSETCATALOG_COMPILER_GENERATE_SWIFT_ASSET_SYMBOL_EXTENSIONS = YES;
				CLANG_ANALYZER_NONNULL = YES;
				CLANG_ANALYZER_NUMBER_OBJECT_CONVERSION = YES_AGGRESSIVE;
				CLANG_CXX_LANGUAGE_STANDARD = "gnu++14";
				CLANG_CXX_LIBRARY = "libc++";
				CLANG_ENABLE_MODULES = YES;
				CLANG_ENABLE_OBJC_ARC = YES;
				CLANG_ENABLE_OBJC_WEAK = YES;
				CLANG_WARN_BLOCK_CAPTURE_AUTORELEASING = YES;
				CLANG_WARN_BOOL_CONVERSION = YES;
				CLANG_WARN_COMMA = YES;
				CLANG_WARN_CONSTANT_CONVERSION = YES;
				CLANG_WARN_DEPRECATED_OBJC_IMPLEMENTATIONS = YES;
				CLANG_WARN_DIRECT_OBJC_ISA_USAGE = YES_ERROR;
				CLANG_WARN_DOCUMENTATION_COMMENTS = YES;
				CLANG_WARN_EMPTY_BODY = YES;
				CLANG_WARN_ENUM_CONVERSION = YES;
				CLANG_WARN_INFINITE_RECURSION = YES;
				CLANG_WARN_INT_CONVERSION = YES;
				CLANG_WARN_NON_LITERAL_NULL_CONVERSION = YES;
				CLANG_WARN_OBJC_IMPLICIT_RETAIN_SELF = YES;
				CLANG_WARN_OBJC_LITERAL_CONVERSION = YES;
				CLANG_WARN_OBJC_ROOT_CLASS = YES_ERROR;
				CLANG_WARN_QUOTED_INCLUDE_IN_FRAMEWORK_HEADER = YES;
				CLANG_WARN_RANGE_LOOP_ANALYSIS = YES;
				CLANG_WARN_STRICT_PROTOTYPES = YES;
				CLANG_WARN_SUSPICIOUS_MOVE = YES;
				CLANG_WARN_UNGUARDED_AVAILABILITY = YES_AGGRESSIVE;
				CLANG_WARN_UNREACHABLE_CODE = YES;
				CLANG_WARN__DUPLICATE_METHOD_MATCH = YES;
				COPY_PHASE_STRIP = NO;
				DEBUG_INFORMATION_FORMAT = dwarf;
				DEVELOPMENT_TEAM = M3DTZN9V9B;
				ENABLE_STRICT_OBJC_MSGSEND = YES;
				ENABLE_TESTABILITY = YES;
				ENABLE_USER_SCRIPT_SANDBOXING = YES;
				GCC_C_LANGUAGE_STANDARD = gnu11;
				GCC_DYNAMIC_NO_PIC = NO;
				GCC_NO_COMMON_BLOCKS = YES;
				GCC_OPTIMIZATION_LEVEL = 0;
				GCC_PREPROCESSOR_DEFINITIONS = (
					"DEBUG=1",
					"$(inherited)",
				);
				GCC_WARN_64_TO_32_BIT_CONVERSION = YES;
				GCC_WARN_ABOUT_RETURN_TYPE = YES_ERROR;
				GCC_WARN_UNDECLARED_SELECTOR = YES;
				GCC_WARN_UNINITIALIZED_AUTOS = YES_AGGRESSIVE;
				GCC_WARN_UNUSED_FUNCTION = YES;
				GCC_WARN_UNUSED_VARIABLE = YES;
				IPHONEOS_DEPLOYMENT_TARGET = 26.0;
				MTL_ENABLE_DEBUG_INFO = INCLUDE_SOURCE;
				MTL_FAST_MATH = YES;
				ONLY_ACTIVE_ARCH = YES;
				SDKROOT = iphoneos;
				STRING_CATALOG_GENERATE_SYMBOLS = YES;
				SWIFT_ACTIVE_COMPILATION_CONDITIONS = DEBUG;
				SWIFT_OPTIMIZATION_LEVEL = "-Onone";
			};
			name = Debug;
		};
		CBAD9EBC24A3E3DE00989CA4 /* Release */ = {
			isa = XCBuildConfiguration;
			buildSettings = {
				ALWAYS_SEARCH_USER_PATHS = NO;
				ASSETCATALOG_COMPILER_GENERATE_SWIFT_ASSET_SYMBOL_EXTENSIONS = YES;
				CLANG_ANALYZER_NONNULL = YES;
				CLANG_ANALYZER_NUMBER_OBJECT_CONVERSION = YES_AGGRESSIVE;
				CLANG_CXX_LANGUAGE_STANDARD = "gnu++14";
				CLANG_CXX_LIBRARY = "libc++";
				CLANG_ENABLE_MODULES = YES;
				CLANG_ENABLE_OBJC_ARC = YES;
				CLANG_ENABLE_OBJC_WEAK = YES;
				CLANG_WARN_BLOCK_CAPTURE_AUTORELEASING = YES;
				CLANG_WARN_BOOL_CONVERSION = YES;
				CLANG_WARN_COMMA = YES;
				CLANG_WARN_CONSTANT_CONVERSION = YES;
				CLANG_WARN_DEPRECATED_OBJC_IMPLEMENTATIONS = YES;
				CLANG_WARN_DIRECT_OBJC_ISA_USAGE = YES_ERROR;
				CLANG_WARN_DOCUMENTATION_COMMENTS = YES;
				CLANG_WARN_EMPTY_BODY = YES;
				CLANG_WARN_ENUM_CONVERSION = YES;
				CLANG_WARN_INFINITE_RECURSION = YES;
				CLANG_WARN_INT_CONVERSION = YES;
				CLANG_WARN_NON_LITERAL_NULL_CONVERSION = YES;
				CLANG_WARN_OBJC_IMPLICIT_RETAIN_SELF = YES;
				CLANG_WARN_OBJC_LITERAL_CONVERSION = YES;
				CLANG_WARN_OBJC_ROOT_CLASS = YES_ERROR;
				CLANG_WARN_QUOTED_INCLUDE_IN_FRAMEWORK_HEADER = YES;
				CLANG_WARN_RANGE_LOOP_ANALYSIS = YES;
				CLANG_WARN_STRICT_PROTOTYPES = YES;
				CLANG_WARN_SUSPICIOUS_MOVE = YES;
				CLANG_WARN_UNGUARDED_AVAILABILITY = YES_AGGRESSIVE;
				CLANG_WARN_UNREACHABLE_CODE = YES;
				CLANG_WARN__DUPLICATE_METHOD_MATCH = YES;
				COPY_PHASE_STRIP = NO;
				DEBUG_INFORMATION_FORMAT = "dwarf-with-dsym";
				DEVELOPMENT_TEAM = M3DTZN9V9B;
				ENABLE_NS_ASSERTIONS = NO;
				ENABLE_STRICT_OBJC_MSGSEND = YES;
				ENABLE_USER_SCRIPT_SANDBOXING = YES;
				GCC_C_LANGUAGE_STANDARD = gnu11;
				GCC_NO_COMMON_BLOCKS = YES;
				GCC_WARN_64_TO_32_BIT_CONVERSION = YES;
				GCC_WARN_ABOUT_RETURN_TYPE = YES_ERROR;
				GCC_WARN_UNDECLARED_SELECTOR = YES;
				GCC_WARN_UNINITIALIZED_AUTOS = YES_AGGRESSIVE;
				GCC_WARN_UNUSED_FUNCTION = YES;
				GCC_WARN_UNUSED_VARIABLE = YES;
				IPHONEOS_DEPLOYMENT_TARGET = 26.0;
				MTL_ENABLE_DEBUG_INFO = NO;
				MTL_FAST_MATH = YES;
				SDKROOT = iphoneos;
				STRING_CATALOG_GENERATE_SYMBOLS = YES;
				SWIFT_COMPILATION_MODE = wholemodule;
				SWIFT_OPTIMIZATION_LEVEL = "-O";
				VALIDATE_PRODUCT = YES;
			};
			name = Release;
		};
		CBAD9EBE24A3E3DE00989CA4 /* Debug */ = {
			isa = XCBuildConfiguration;
			buildSettings = {
				ASSETCATALOG_COMPILER_APPICON_NAME = AppIcon;
				ASSETCATALOG_COMPILER_GLOBAL_ACCENT_COLOR_NAME = AccentColor;
				CODE_SIGN_ENTITLEMENTS = obdii/obdii.entitlements;
				CODE_SIGN_IDENTITY = "Apple Development";
				CODE_SIGN_STYLE = Automatic;
				CURRENT_PROJECT_VERSION = 57;
				DEVELOPMENT_TEAM = L97LVVC8Y4;
				INFOPLIST_FILE = obdii/Info.plist;
				INFOPLIST_KEY_CFBundleDisplayName = "Rheosoft OBD2";
				INFOPLIST_KEY_LSApplicationCategoryType = "public.app-category.productivity";
				IPHONEOS_DEPLOYMENT_TARGET = 26.0;
				LD_RUNPATH_SEARCH_PATHS = (
					"$(inherited)",
					"@executable_path/Frameworks",
				);
				MARKETING_VERSION = 1;
				PRODUCT_BUNDLE_IDENTIFIER = com.rheosoft.obdii;
				PRODUCT_NAME = "$(TARGET_NAME)";
				PROVISIONING_PROFILE_SPECIFIER = "";
				SUPPORTED_PLATFORMS = "iphoneos iphonesimulator";
				SUPPORTS_MACCATALYST = NO;
				SUPPORTS_XR_DESIGNED_FOR_IPHONE_IPAD = NO;
				SWIFT_VERSION = 5.0;
				TARGETED_DEVICE_FAMILY = "1,2";
			};
			name = Debug;
		};
		CBAD9EBF24A3E3DE00989CA4 /* Release */ = {
			isa = XCBuildConfiguration;
			buildSettings = {
				ASSETCATALOG_COMPILER_APPICON_NAME = AppIcon;
				ASSETCATALOG_COMPILER_GLOBAL_ACCENT_COLOR_NAME = AccentColor;
				CODE_SIGN_ENTITLEMENTS = obdii/obdii.entitlements;
				CODE_SIGN_IDENTITY = "Apple Development";
				"CODE_SIGN_IDENTITY[sdk=iphoneos*]" = "iPhone Distribution";
				CODE_SIGN_STYLE = Manual;
				CURRENT_PROJECT_VERSION = 57;
				DEVELOPMENT_TEAM = "";
				"DEVELOPMENT_TEAM[sdk=iphoneos*]" = L97LVVC8Y4;
				INFOPLIST_FILE = obdii/Info.plist;
				INFOPLIST_KEY_CFBundleDisplayName = "Rheosoft OBD2";
				INFOPLIST_KEY_LSApplicationCategoryType = "public.app-category.productivity";
				IPHONEOS_DEPLOYMENT_TARGET = 26.0;
				LD_RUNPATH_SEARCH_PATHS = (
					"$(inherited)",
					"@executable_path/Frameworks",
				);
				MARKETING_VERSION = 1;
				PRODUCT_BUNDLE_IDENTIFIER = com.rheosoft.obdii;
				PRODUCT_NAME = "$(TARGET_NAME)";
				PROVISIONING_PROFILE_SPECIFIER = "";
				"PROVISIONING_PROFILE_SPECIFIER[sdk=iphoneos*]" = "match AppStore com.rheosoft.obdii";
				SUPPORTED_PLATFORMS = "iphonesimulator iphoneos";
				SUPPORTS_MACCATALYST = NO;
				SUPPORTS_XR_DESIGNED_FOR_IPHONE_IPAD = NO;
				SWIFT_VERSION = 5.0;
				TARGETED_DEVICE_FAMILY = 1;
			};
			name = Release;
		};
		CBAD9EC124A3E3DE00989CA4 /* Debug */ = {
			isa = XCBuildConfiguration;
			buildSettings = {
				BUNDLE_LOADER = "$(TEST_HOST)";
				CODE_SIGN_STYLE = Automatic;
				DEVELOPMENT_TEAM = L97LVVC8Y4;
				INFOPLIST_FILE = obdiiTests/Info.plist;
				IPHONEOS_DEPLOYMENT_TARGET = 26.0;
				LD_RUNPATH_SEARCH_PATHS = (
					"$(inherited)",
					"@executable_path/Frameworks",
					"@loader_path/Frameworks",
				);
				PRODUCT_BUNDLE_IDENTIFIER = com.rheosoft.obdiiTests;
				PRODUCT_NAME = "$(TARGET_NAME)";
				SWIFT_VERSION = 5.0;
				TARGETED_DEVICE_FAMILY = "1,2";
				TEST_HOST = "$(BUILT_PRODUCTS_DIR)/obdii.app/obdii";
			};
			name = Debug;
		};
		CBAD9EC224A3E3DE00989CA4 /* Release */ = {
			isa = XCBuildConfiguration;
			buildSettings = {
				BUNDLE_LOADER = "$(TEST_HOST)";
				CODE_SIGN_STYLE = Automatic;
				DEVELOPMENT_TEAM = L97LVVC8Y4;
				INFOPLIST_FILE = obdiiTests/Info.plist;
				IPHONEOS_DEPLOYMENT_TARGET = 26.0;
				LD_RUNPATH_SEARCH_PATHS = (
					"$(inherited)",
					"@executable_path/Frameworks",
					"@loader_path/Frameworks",
				);
				PRODUCT_BUNDLE_IDENTIFIER = com.rheosoft.obdiiTests;
				PRODUCT_NAME = "$(TARGET_NAME)";
				SWIFT_VERSION = 5.0;
				TARGETED_DEVICE_FAMILY = "1,2";
				TEST_HOST = "$(BUILT_PRODUCTS_DIR)/obdii.app/obdii";
			};
			name = Release;
		};
		CBAD9EC424A3E3DE00989CA4 /* Debug */ = {
			isa = XCBuildConfiguration;
			buildSettings = {
				CODE_SIGN_STYLE = Automatic;
				DEVELOPMENT_TEAM = L97LVVC8Y4;
				INFOPLIST_FILE = obdiiUITests/Info.plist;
				IPHONEOS_DEPLOYMENT_TARGET = 26.0;
				LD_RUNPATH_SEARCH_PATHS = (
					"$(inherited)",
					"@executable_path/Frameworks",
					"@loader_path/Frameworks",
				);
				PRODUCT_BUNDLE_IDENTIFIER = com.rheosoft.obdiiUITests;
				PRODUCT_NAME = "$(TARGET_NAME)";
				SUPPORTED_PLATFORMS = "iphoneos iphonesimulator";
				SUPPORTS_MACCATALYST = NO;
				SWIFT_VERSION = 5.0;
				TARGETED_DEVICE_FAMILY = "1,2";
				TEST_TARGET_NAME = obdii;
			};
			name = Debug;
		};
		CBAD9EC524A3E3DE00989CA4 /* Release */ = {
			isa = XCBuildConfiguration;
			buildSettings = {
				CODE_SIGN_STYLE = Automatic;
				DEVELOPMENT_TEAM = L97LVVC8Y4;
				INFOPLIST_FILE = obdiiUITests/Info.plist;
				IPHONEOS_DEPLOYMENT_TARGET = 26.0;
				LD_RUNPATH_SEARCH_PATHS = (
					"$(inherited)",
					"@executable_path/Frameworks",
					"@loader_path/Frameworks",
				);
				PRODUCT_BUNDLE_IDENTIFIER = com.rheosoft.obdiiUITests;
				PRODUCT_NAME = "$(TARGET_NAME)";
				SUPPORTED_PLATFORMS = "iphoneos iphonesimulator";
				SUPPORTS_MACCATALYST = NO;
				SWIFT_VERSION = 5.0;
				TARGETED_DEVICE_FAMILY = "1,2";
				TEST_TARGET_NAME = obdii;
			};
			name = Release;
		};
/* End XCBuildConfiguration section */

/* Begin XCConfigurationList section */
		CBAD9E8E24A3E3DD00989CA4 /* Build configuration list for PBXProject "obdii" */ = {
			isa = XCConfigurationList;
			buildConfigurations = (
				CBAD9EBB24A3E3DE00989CA4 /* Debug */,
				CBAD9EBC24A3E3DE00989CA4 /* Release */,
			);
			defaultConfigurationIsVisible = 0;
			defaultConfigurationName = Release;
		};
		CBAD9EBD24A3E3DE00989CA4 /* Build configuration list for PBXNativeTarget "obdii" */ = {
			isa = XCConfigurationList;
			buildConfigurations = (
				CBAD9EBE24A3E3DE00989CA4 /* Debug */,
				CBAD9EBF24A3E3DE00989CA4 /* Release */,
			);
			defaultConfigurationIsVisible = 0;
			defaultConfigurationName = Release;
		};
		CBAD9EC024A3E3DE00989CA4 /* Build configuration list for PBXNativeTarget "obdiiTests" */ = {
			isa = XCConfigurationList;
			buildConfigurations = (
				CBAD9EC124A3E3DE00989CA4 /* Debug */,
				CBAD9EC224A3E3DE00989CA4 /* Release */,
			);
			defaultConfigurationIsVisible = 0;
			defaultConfigurationName = Release;
		};
		CBAD9EC324A3E3DE00989CA4 /* Build configuration list for PBXNativeTarget "obdiiUITests" */ = {
			isa = XCConfigurationList;
			buildConfigurations = (
				CBAD9EC424A3E3DE00989CA4 /* Debug */,
				CBAD9EC524A3E3DE00989CA4 /* Release */,
			);
			defaultConfigurationIsVisible = 0;
			defaultConfigurationName = Release;
		};
/* End XCConfigurationList section */

/* Begin XCRemoteSwiftPackageReference section */
		D4D7C4912EBEBE0D00393ADF /* XCRemoteSwiftPackageReference "SwiftOBD2" */ = {
			isa = XCRemoteSwiftPackageReference;
			repositoryURL = "https://github.com/jamesmittlerii/SwiftOBD2";
			requirement = {
				branch = main;
				kind = branch;
			};
		};
/* End XCRemoteSwiftPackageReference section */

/* Begin XCSwiftPackageProductDependency section */
		D4D7C4922EBEBE0D00393ADF /* SwiftOBD2 */ = {
			isa = XCSwiftPackageProductDependency;
			package = D4D7C4912EBEBE0D00393ADF /* XCRemoteSwiftPackageReference "SwiftOBD2" */;
			productName = SwiftOBD2;
		};
/* End XCSwiftPackageProductDependency section */
	};
	rootObject = CBAD9E8B24A3E3DD00989CA4 /* Project object */;
}
