{
  "originHash" : "7e1c3d401f0c8d7bf0db4ca2ec287a3fb49523ad16fbb8dde244e4037010e575",
  "pins" : [
    {
      "identity" : "swiftobd2",
      "kind" : "remoteSourceControl",
      "location" : "https://github.com/jamesmittlerii/SwiftOBD2",
      "state" : {
        "branch" : "main",
        "revision" : "39a3b120bb846c198b3606df95daefd54c3eb369"
      }
    }
  ],
  "version" : 3
}
